
Microsoft Visual Studio Solution File, Format Version 12.00
# Visual Studio 2013
VisualStudioVersion = 12.0.30723.0
MinimumVisualStudioVersion = 10.0.40219.1
Project("{FAE04EC0-301F-11D3-BF4B-00C04F79EFBC}") = "NumberGuessingGame", "NumberGuessingGame\NumberGuessingGame.csproj", "{C26E5826-3B2D-4EA8-B56E-9293D4816519}"
EndProject
Project("{FAE04EC0-301F-11D3-BF4B-00C04F79EFBC}") = "NumberGuessingGame.Tests", "NumberGuessingGame.Tests\NumberGuessingGame.Tests.csproj", "{D5B780E2-A6AE-4A4F-A83E-A093B1D77F7C}"
EndProject
Global
	GlobalSection(SolutionConfigurationPlatforms) = preSolution
		Debug|Any CPU = Debug|Any CPU
		Release|Any CPU = Release|Any CPU
	EndGlobalSection
	GlobalSection(ProjectConfigurationPlatforms) = postSolution
		{C26E5826-3B2D-4EA8-B56E-9293D4816519}.Debug|Any CPU.ActiveCfg = Debug|Any CPU
		{C26E5826-3B2D-4EA8-B56E-9293D4816519}.Debug|Any CPU.Build.0 = Debug|Any CPU
		{C26E5826-3B2D-4EA8-B56E-9293D4816519}.Release|Any CPU.ActiveCfg = Release|Any CPU
		{C26E5826-3B2D-4EA8-B56E-9293D4816519}.Release|Any CPU.Build.0 = Release|Any CPU
		{D5B780E2-A6AE-4A4F-A83E-A093B1D77F7C}.Debug|Any CPU.ActiveCfg = Debug|Any CPU
		{D5B780E2-A6AE-4A4F-A83E-A093B1D77F7C}.Debug|Any CPU.Build.0 = Debug|Any CPU
		{D5B780E2-A6AE-4A4F-A83E-A093B1D77F7C}.Release|Any CPU.ActiveCfg = Release|Any CPU
		{D5B780E2-A6AE-4A4F-A83E-A093B1D77F7C}.Release|Any CPU.Build.0 = Release|Any CPU
	EndGlobalSection
	GlobalSection(SolutionProperties) = preSolution
		HideSolutionNode = FALSE
	EndGlobalSection
EndGlobal
